
Microsoft Visual Studio Solution File, Format Version 12.00
# Visual Studio Version 17
VisualStudioVersion = 17.3.32811.315
MinimumVisualStudioVersion = 10.0.40219.1
Project("{FAE04EC0-301F-11D3-BF4B-00C04F79EFBC}") = "17-8-2022", "17-8-2022\17-8-2022.csproj", "{B2D475FF-3598-4FF3-9D90-C543BB6289DE}"
EndProject
Global
	GlobalSection(SolutionConfigurationPlatforms) = preSolution
		Debug|Any CPU = Debug|Any CPU
		Release|Any CPU = Release|Any CPU
	EndGlobalSection
	GlobalSection(ProjectConfigurationPlatforms) = postSolution
		{B2D475FF-3598-4FF3-9D90-C543BB6289DE}.Debug|Any CPU.ActiveCfg = Debug|Any CPU
		{B2D475FF-3598-4FF3-9D90-C543BB6289DE}.Debug|Any CPU.Build.0 = Debug|Any CPU
		{B2D475FF-3598-4FF3-9D90-C543BB6289DE}.Release|Any CPU.ActiveCfg = Release|Any CPU
		{B2D475FF-3598-4FF3-9D90-C543BB6289DE}.Release|Any CPU.Build.0 = Release|Any CPU
	EndGlobalSection
	GlobalSection(SolutionProperties) = preSolution
		HideSolutionNode = FALSE
	EndGlobalSection
	GlobalSection(ExtensibilityGlobals) = postSolution
		SolutionGuid = {BEDB0DB9-D0F3-4ECC-8CB0-DB658025EB24}
	EndGlobalSection
EndGlobal
